%{"bunt": {:hex, :bunt, "0.2.0", "951c6e801e8b1d2cbe58ebbd3e616a869061ddadcc4863d0a2182541acae9a38", [:mix], [], "hexpm"},
  "credo": {:hex, :credo, "0.8.4", "4e50acac058cf6292d6066e5b0d03da5e1483702e1ccde39abba385c9f03ead4", [:mix], [{:bunt, "~> 0.2.0", [hex: :bunt, repo: "hexpm", optional: false]}], "hexpm"},
  "earmark": {:hex, :earmark, "0.1.19", "ffec54f520a11b711532c23d8a52b75a74c09697062d10613fa2dbdf8a9db36e", [:mix], [], "hexpm"},
  "eqc_ex": {:git, "https://github.com/Quviq/eqc_ex.git", "fdfa4c3b7d8f37e0b358704a4feeaa8f4ba4820f", [tag: "1.2.4"]},
  "ex_doc": {:hex, :ex_doc, "0.11.1", "43a16e4168e384213a052e6ee77723b765165b866ac52a10394dfa8f7de5b203", [:mix], [{:earmark, "~> 0.1.17 or ~> 0.2", [hex: :earmark, repo: "hexpm", optional: true]}], "hexpm"},
  "excheck": {:hex, :excheck, "0.5.3", "7326a29cc5fdb6900e66dac205a6a70cc994e2fe037d39136817d7dab13cdabf", [:mix], [], "hexpm"},
  "excoveralls": {:hex, :excoveralls, "0.4.0", "e5193c6c41bdf29d65adcc39a6074f70e3caee0d48ef1e5357c1b6f5c08f1f34", [:mix], [{:exjsx, "~> 3.0", [hex: :exjsx, repo: "hexpm", optional: false]}, {:hackney, ">= 0.12.0", [hex: :hackney, repo: "hexpm", optional: false]}], "hexpm"},
  "exjsx": {:hex, :exjsx, "3.2.0", "7136cc739ace295fc74c378f33699e5145bead4fdc1b4799822d0287489136fb", [:mix], [{:jsx, "~> 2.6.2", [hex: :jsx, repo: "hexpm", optional: false]}], "hexpm"},
  "hackney": {:hex, :hackney, "1.3.2", "43bd07ab88753f5e136e38fddd2a09124bee25733b03361eeb459d0173fc17ab", [:make, :rebar], [{:idna, "~> 1.0.2", [hex: :idna, repo: "hexpm", optional: false]}, {:ssl_verify_hostname, "~> 1.0.5", [hex: :ssl_verify_hostname, repo: "hexpm", optional: false]}], "hexpm"},
  "idna": {:hex, :idna, "1.0.2", "397e3d001c002319da75759b0a81156bf11849c71d565162436d50020cb7265e", [:make], [], "hexpm"},
  "jsx": {:hex, :jsx, "2.6.2", "213721e058da0587a4bce3cc8a00ff6684ced229c8f9223245c6ff2c88fbaa5a", [:mix, :rebar], [], "hexpm"},
  "ssl_verify_hostname": {:hex, :ssl_verify_hostname, "1.0.5", "2e73e068cd6393526f9fa6d399353d7c9477d6886ba005f323b592d389fb47be", [:make], [], "hexpm"},
  "triq": {:git, "https://github.com/triqng/triq.git", "4fea56d30a24ce9ce0a93f3dd1301044d35513ed", []}}
